PODS:
  - audioplayers_darwin (0.0.1):
    - FlutterMacOS
  - flutter_local_notifications (0.0.1):
    - FlutterMacOS
  - FlutterMacOS (1.0.0)
  - package_info_plus_macos (0.0.1):
    - FlutterMacOS
  - path_provider_macos (0.0.1):
    - FlutterMacOS
  - Sentry (7.11.0):
    - Sentry/Core (= 7.11.0)
  - Sentry/Core (7.11.0)
  - sentry_flutter (0.0.1):
    - Flutter
    - FlutterMacOS
    - Sentry (~> 7.11.0)

DEPENDENCIES:
  - audioplayers_darwin (from `Flutter/ephemeral/.symlinks/plugins/audioplayers_darwin/macos`)
  - flutter_local_notifications (from `Flutter/ephemeral/.symlinks/plugins/flutter_local_notifications/macos`)
  - FlutterMacOS (from `Flutter/ephemeral`)
  - package_info_plus_macos (from `Flutter/ephemeral/.symlinks/plugins/package_info_plus_macos/macos`)
  - path_provider_macos (from `Flutter/ephemeral/.symlinks/plugins/path_provider_macos/macos`)
  - sentry_flutter (from `Flutter/ephemeral/.symlinks/plugins/sentry_flutter/macos`)

SPEC REPOS:
  trunk:
    - Sentry

EXTERNAL SOURCES:
  audioplayers_darwin:
    :path: Flutter/ephemeral/.symlinks/plugins/audioplayers_darwin/macos
  flutter_local_notifications:
    :path: Flutter/ephemeral/.symlinks/plugins/flutter_local_notifications/macos
  FlutterMacOS:
    :path: Flutter/ephemeral
  package_info_plus_macos:
    :path: Flutter/ephemeral/.symlinks/plugins/package_info_plus_macos/macos
  path_provider_macos:
    :path: Flutter/ephemeral/.symlinks/plugins/path_provider_macos/macos
  sentry_flutter:
    :path: Flutter/ephemeral/.symlinks/plugins/sentry_flutter/macos

SPEC CHECKSUMS:
  audioplayers_darwin: dcad41de4fbd0099cb3749f7ab3b0cb8f70b810c
  flutter_local_notifications: 3805ca215b2fb7f397d78b66db91f6a747af52e4
  FlutterMacOS: 57701585bf7de1b3fc2bb61f6378d73bbdea8424
  package_info_plus_macos: f010621b07802a241d96d01876d6705f15e77c1c
  path_provider_macos: 3c0c3b4b0d4a76d2bf989a913c2de869c5641a19
  Sentry: 0c5cd63d714187b4a39c331c1f0eb04ba7868341
  sentry_flutter: efb3df2c203cd03aad255892a8d628a458656d14

PODFILE CHECKSUM: 6eac6b3292e5142cfc23bdeb71848a40ec51c14c

COCOAPODS: 1.11.3
